{
    "version": 3,
    "terraform_version": "0.11.3",
    "serial": 11,
    "lineage": "3c889b6a-fc09-4464-83a8-99d86137330e",
    "modules": [
        {
            "path": [
                "root"
            ],
            "outputs": {},
            "resources": {
                "data.template_file.init": {
                    "type": "template_file",
                    "depends_on": [],
                    "primary": {
                        "id": "a2a1868bb256da78c53282867df6cd1852fc2ec151776f58d5ed650ff8e838da",
                        "attributes": {
                            "id": "a2a1868bb256da78c53282867df6cd1852fc2ec151776f58d5ed650ff8e838da",
                            "rendered": "#!/bin/bash\necho \"Hello, World\" \u003e index.html\nnohup python -m SimpleHTTPServer 8080 \u0026\n",
                            "template": "#!/bin/bash\necho \"Hello, World\" \u003e index.html\nnohup python -m SimpleHTTPServer 8080 \u0026\n",
                            "vars.%": "1",
                            "vars.server_port": "8080"
                        },
                        "meta": {},
                        "tainted": false
                    },
                    "deposed": [],
                    "provider": "provider.template"
                }
            },
            "depends_on": []
        },
        {
            "path": [
                "root",
                "sg_talend_job_server"
            ],
            "outputs": {
                "sg_id": {
                    "sensitive": false,
                    "type": "string",
                    "value": "sg-07674f70"
                }
            },
            "resources": {
                "aws_security_group.sg": {
                    "type": "aws_security_group",
                    "depends_on": [],
                    "primary": {
                        "id": "sg-07674f70",
                        "attributes": {
                            "description": "Module is used to create security group",
                            "egress.#": "0",
                            "id": "sg-07674f70",
                            "ingress.#": "2",
                            "ingress.2541437006.cidr_blocks.#": "1",
                            "ingress.2541437006.cidr_blocks.0": "0.0.0.0/0",
                            "ingress.2541437006.description": "",
                            "ingress.2541437006.from_port": "22",
                            "ingress.2541437006.ipv6_cidr_blocks.#": "0",
                            "ingress.2541437006.protocol": "tcp",
                            "ingress.2541437006.security_groups.#": "0",
                            "ingress.2541437006.self": "false",
                            "ingress.2541437006.to_port": "22",
                            "ingress.516175195.cidr_blocks.#": "1",
                            "ingress.516175195.cidr_blocks.0": "0.0.0.0/0",
                            "ingress.516175195.description": "",
                            "ingress.516175195.from_port": "8080",
                            "ingress.516175195.ipv6_cidr_blocks.#": "0",
                            "ingress.516175195.protocol": "tcp",
                            "ingress.516175195.security_groups.#": "0",
                            "ingress.516175195.self": "false",
                            "ingress.516175195.to_port": "8080",
                            "name": "Terraform-Example-1",
                            "owner_id": "763240551955",
                            "revoke_rules_on_delete": "false",
                            "tags.%": "0",
                            "vpc_id": "vpc-0e666e76"
                        },
                        "meta": {
                            "schema_version": "1"
                        },
                        "tainted": false
                    },
                    "deposed": [],
                    "provider": "provider.aws"
                },
                "aws_security_group_rule.instance": {
                    "type": "aws_security_group_rule",
                    "depends_on": [
                        "aws_security_group.sg"
                    ],
                    "primary": {
                        "id": "sgrule-1144306758",
                        "attributes": {
                            "cidr_blocks.#": "1",
                            "cidr_blocks.0": "0.0.0.0/0",
                            "description": "",
                            "from_port": "8080",
                            "id": "sgrule-1144306758",
                            "ipv6_cidr_blocks.#": "0",
                            "prefix_list_ids.#": "0",
                            "protocol": "tcp",
                            "security_group_id": "sg-07674f70",
                            "self": "false",
                            "to_port": "8080",
                            "type": "ingress"
                        },
                        "meta": {
                            "schema_version": "2"
                        },
                        "tainted": false
                    },
                    "deposed": [],
                    "provider": "provider.aws"
                },
                "aws_security_group_rule.instance2": {
                    "type": "aws_security_group_rule",
                    "depends_on": [
                        "aws_security_group.sg"
                    ],
                    "primary": {
                        "id": "sgrule-1452149060",
                        "attributes": {
                            "cidr_blocks.#": "1",
                            "cidr_blocks.0": "0.0.0.0/0",
                            "description": "",
                            "from_port": "22",
                            "id": "sgrule-1452149060",
                            "ipv6_cidr_blocks.#": "0",
                            "prefix_list_ids.#": "0",
                            "protocol": "tcp",
                            "security_group_id": "sg-07674f70",
                            "self": "false",
                            "to_port": "22",
                            "type": "ingress"
                        },
                        "meta": {
                            "schema_version": "2"
                        },
                        "tainted": false
                    },
                    "deposed": [],
                    "provider": "provider.aws"
                }
            },
            "depends_on": []
        },
        {
            "path": [
                "root",
                "talend_job"
            ],
            "outputs": {},
            "resources": {
                "aws_instance.instance": {
                    "type": "aws_instance",
                    "depends_on": [
                        "data.template_file.instance_user_data.*"
                    ],
                    "primary": {
                        "id": "i-07484ccf38c7f0abc",
                        "attributes": {
                            "ami": "ami-97785bed",
                            "associate_public_ip_address": "true",
                            "availability_zone": "us-east-1a",
                            "disable_api_termination": "false",
                            "ebs_block_device.#": "0",
                            "ebs_optimized": "false",
                            "ephemeral_block_device.#": "0",
                            "iam_instance_profile": "",
                            "id": "i-07484ccf38c7f0abc",
                            "instance_state": "running",
                            "instance_type": "t2.micro",
                            "ipv6_addresses.#": "0",
                            "key_name": "wavicletest",
                            "monitoring": "false",
                            "network_interface.#": "0",
                            "network_interface_id": "eni-0a0372f7",
                            "placement_group": "",
                            "primary_network_interface_id": "eni-0a0372f7",
                            "private_dns": "ip-172-31-16-141.ec2.internal",
                            "private_ip": "172.31.16.141",
                            "public_dns": "ec2-34-228-56-20.compute-1.amazonaws.com",
                            "public_ip": "34.228.56.20",
                            "root_block_device.#": "1",
                            "root_block_device.0.delete_on_termination": "true",
                            "root_block_device.0.iops": "100",
                            "root_block_device.0.volume_id": "vol-0cd198cfd46bc5c7d",
                            "root_block_device.0.volume_size": "8",
                            "root_block_device.0.volume_type": "gp2",
                            "security_groups.#": "1",
                            "security_groups.206505935": "Terraform-Example-1",
                            "source_dest_check": "true",
                            "subnet_id": "subnet-346c467f",
                            "tags.%": "0",
                            "tenancy": "default",
                            "user_data": "cbcac2c126d17c69192ae188dae7f9a0022f8b59",
                            "volume_tags.%": "0",
                            "vpc_security_group_ids.#": "1",
                            "vpc_security_group_ids.3760521112": "sg-07674f70"
                        },
                        "meta": {
                            "e2bfb730-ecaa-11e6-8f88-34363bc7c4c0": {
                                "create": 600000000000,
                                "delete": 600000000000,
                                "update": 600000000000
                            },
                            "schema_version": "1"
                        },
                        "tainted": false
                    },
                    "deposed": [],
                    "provider": "provider.aws"
                },
                "data.template_file.instance_user_data": {
                    "type": "template_file",
                    "depends_on": [],
                    "primary": {
                        "id": "a2a1868bb256da78c53282867df6cd1852fc2ec151776f58d5ed650ff8e838da",
                        "attributes": {
                            "id": "a2a1868bb256da78c53282867df6cd1852fc2ec151776f58d5ed650ff8e838da",
                            "rendered": "#!/bin/bash\necho \"Hello, World\" \u003e index.html\nnohup python -m SimpleHTTPServer 8080 \u0026\n",
                            "template": "#!/bin/bash\necho \"Hello, World\" \u003e index.html\nnohup python -m SimpleHTTPServer 8080 \u0026\n"
                        },
                        "meta": {},
                        "tainted": false
                    },
                    "deposed": [],
                    "provider": "provider.template"
                }
            },
            "depends_on": []
        }
    ]
}
